
Microsoft Visual Studio Solution File, Format Version 12.00
# Visual Studio Version 17
VisualStudioVersion = 17.6.33723.286
MinimumVisualStudioVersion = 10.0.40219.1
Project("{FAE04EC0-301F-11D3-BF4B-00C04F79EFBC}") = "HPCTechnicalSummer2023OrderSystem", "HPCTechnicalSummer2023OrderSystem\HPCTechnicalSummer2023OrderSystem.csproj", "{EEEB22F5-36DA-4CBA-979E-3C3A0D1F4554}"
EndProject
Global
	GlobalSection(SolutionConfigurationPlatforms) = preSolution
		Debug|Any CPU = Debug|Any CPU
		Release|Any CPU = Release|Any CPU
	EndGlobalSection
	GlobalSection(ProjectConfigurationPlatforms) = postSolution
		{EEEB22F5-36DA-4CBA-979E-3C3A0D1F4554}.Debug|Any CPU.ActiveCfg = Debug|Any CPU
		{EEEB22F5-36DA-4CBA-979E-3C3A0D1F4554}.Debug|Any CPU.Build.0 = Debug|Any CPU
		{EEEB22F5-36DA-4CBA-979E-3C3A0D1F4554}.Release|Any CPU.ActiveCfg = Release|Any CPU
		{EEEB22F5-36DA-4CBA-979E-3C3A0D1F4554}.Release|Any CPU.Build.0 = Release|Any CPU
	EndGlobalSection
	GlobalSection(SolutionProperties) = preSolution
		HideSolutionNode = FALSE
	EndGlobalSection
	GlobalSection(ExtensibilityGlobals) = postSolution
		SolutionGuid = {E7997CE8-B4D1-43B6-8B9C-6E0F89A412F2}
	EndGlobalSection
EndGlobal
